
Microsoft Visual Studio Solution File, Format Version 12.00
# Visual Studio Version 17
VisualStudioVersion = 17.11.35303.130
MinimumVisualStudioVersion = 10.0.40219.1
Project("{9A19103F-16F7-4668-BE54-9A1E7A4F7556}") = "WinFormsApp2", "WinFormsApp2.csproj", "{38B45BF9-ED3A-40CF-AC0A-68C8D0B4886B}"
EndProject
Project("{FAE04EC0-301F-11D3-BF4B-00C04F79EFBC}") = "TestCSDL", "..\TestCSDL\TestCSDL.csproj", "{DC0ABEE3-D03C-43DD-997D-021E1F71C075}"
EndProject
Global
	GlobalSection(SolutionConfigurationPlatforms) = preSolution
		Debug|Any CPU = Debug|Any CPU
		Release|Any CPU = Release|Any CPU
	EndGlobalSection
	GlobalSection(ProjectConfigurationPlatforms) = postSolution
		{38B45BF9-ED3A-40CF-AC0A-68C8D0B4886B}.Debug|Any CPU.ActiveCfg = Debug|Any CPU
		{38B45BF9-ED3A-40CF-AC0A-68C8D0B4886B}.Debug|Any CPU.Build.0 = Debug|Any CPU
		{38B45BF9-ED3A-40CF-AC0A-68C8D0B4886B}.Release|Any CPU.ActiveCfg = Release|Any CPU
		{38B45BF9-ED3A-40CF-AC0A-68C8D0B4886B}.Release|Any CPU.Build.0 = Release|Any CPU
		{DC0ABEE3-D03C-43DD-997D-021E1F71C075}.Debug|Any CPU.ActiveCfg = Debug|Any CPU
		{DC0ABEE3-D03C-43DD-997D-021E1F71C075}.Debug|Any CPU.Build.0 = Debug|Any CPU
		{DC0ABEE3-D03C-43DD-997D-021E1F71C075}.Release|Any CPU.ActiveCfg = Release|Any CPU
		{DC0ABEE3-D03C-43DD-997D-021E1F71C075}.Release|Any CPU.Build.0 = Release|Any CPU
	EndGlobalSection
	GlobalSection(SolutionProperties) = preSolution
		HideSolutionNode = FALSE
	EndGlobalSection
	GlobalSection(ExtensibilityGlobals) = postSolution
		SolutionGuid = {A1F48204-4FCF-4CBB-878E-5EFD06997913}
	EndGlobalSection
EndGlobal
